github.com/BurntSushi/toml v0.3.0 h1:e1/Ivsx3Z0FVTV0NSOv/aVgbUWyQuzj7DDnFblkRvsY=
github.com/BurntSushi/toml v0.3.0/go.mod h1:xHWCNGjB5oqiDr8zfno3MHue2Ht5sIBksp03qcyfWMU=
github.com/ChimeraCoder/gojson v1.0.0/go.mod h1:nYbTQlu6hv8PETM15J927yM0zGj3njIldp72UT1MqSw=
github.com/biessek/golang-ico v0.0.0-20250805151044-6d8ea19fb761 h1:7TVpSKu1j0y3bckgvUhzW88Tt5HlovF+8U9gP2TVzzo=
github.com/biessek/golang-ico v0.0.0-20250805151044-6d8ea19fb761/go.mod h1:iRWAFbKXMMkVQyxZ1PfGlkBr1TjATx1zy2MRprV7A3Q=
github.com/chai2010/webp v1.4.0 h1:6DA2pkkRUPnbOHvvsmGI3He1hBKf/bkRlniAiSGuEko=
github.com/chai2010/webp v1.4.0/go.mod h1:0XVwvZWdjjdxpUEIf7b9g9VkHFnInUSYujwqTLEuldU=
github.com/cloudinary/cloudinary-go/v2 v2.9.1 h1:YmR1+ayli8daanfUP8lKjOAFyK/wNJGBcLIUgK9YX8U=
github.com/cloudinary/cloudinary-go/v2 v2.9.1/go.mod h1:ireC4gqVetsjVhYlwjUJwKTbZuWjEIynbR9zQTlqsvo=
github.com/creasty/defaults v1.7.0 h1:eNdqZvc5B509z18lD8yc212CAqJNvfT1Jq6L8WowdBA=
github.com/creasty/defaults v1.7.0/go.mod h1:iGzKe6pbEHnpMPtfDXZEr0NVxWnPTjb1bbDy08fPzYM=
github.com/davecgh/go-spew v1.1.1 h1:vj9j/u1bqnvCEfJOwUhtlOARqs3+rkHYY13jYWTU97c=
github.com/davecgh/go-spew v1.1.1/go.mod h1:J7Y8YcW2NihsgmVo/mv3lAwl/skON4iLHjSsI+c5H38=
github.com/google/uuid v1.6.0 h1:NIvaJDMOsjHA8n1jAhLSgzrAzy1Hgr+hNrb57e+94F0=
github.com/google/uuid v1.6.0/go.mod h1:TIyPZe4MgqvfeYDBFedMoGGpEw/LqOeaOT+nhxU+yHo=
github.com/gorilla/schema v1.4.1 h1:jUg5hUjCSDZpNGLuXQOgIWGdlgrIdYvgQ0wZtdK1M3E=
github.com/gorilla/schema v1.4.1/go.mod h1:Dg5SSm5PV60mhF2NFaTV1xuYYj8tV8NOPRo4FggUMnM=
github.com/joho/godotenv v1.5.1 h1:7eLL/+HRGLY0ldzfGMeQkb7vMd0as4CfYvUVzLqw0N0=
github.com/joho/godotenv v1.5.1/go.mod h1:f4LDr5Voq0i2e/R5DDNOoa2zzDfwtkZa6DnEwAbqwq4=
github.com/jsummers/gobmp v0.0.0-20230614200233-a9de23ed2e25 h1:YLvr1eE6cdCqjOe972w/cYF+FjW34v27+9Vo5106B4M=
github.com/jsummers/gobmp v0.0.0-20230614200233-a9de23ed2e25/go.mod h1:kLgvv7o6UM+0QSf0QjAse3wReFDsb9qbZJdfexWlrQw=
github.com/mark3labs/mcp-go v0.5.4 h1:k99Jb9zj1YQ+dB63OZJbsWo1nwzDBIOVdh6rjUrdymM=
github.com/mark3labs/mcp-go v0.5.4/go.mod h1:ePkDSyplFbA306xRgyp587+q/vpdgxuswwjZqTQ+I8Q=
github.com/mnhkahn/gogogo v1.0.9 h1:iyRbWtuKEkPXjWRjNhi5DOerGdB1d56xPghRcx1Pvw8=
github.com/mnhkahn/gogogo v1.0.9/go.mod h1:bvrMszo6SD/LRTDttE02f9oKTDuUJ0WonSBse3aMAKk=
github.com/pmezard/go-difflib v1.0.0 h1:4DBwDE0NGyQoBHbLQYPwSUPoCMWR5BEzIk/f1lZbAQM=
github.com/pmezard/go-difflib v1.0.0/go.mod h1:iKH77koFhYxTK1pcRnkKkqfTogsbg7gZNVY4sRDYZ/4=
github.com/sasbury/mini v0.0.0-20161224193750-64bd399395db/go.mod h1:yOzd9gzygiw8QvoQeezToFEojl93FdFfDD2d64ZV6u8=
github.com/srwiley/oksvg v0.0.0-20221011165216-be6e8873101c h1:km8GpoQut05eY3GiYWEedbTT0qnSxrCjsVbb7yKY1KE=
github.com/srwiley/oksvg v0.0.0-20221011165216-be6e8873101c/go.mod h1:cNQ3dwVJtS5Hmnjxy6AgTPd0Inb3pW05ftPSX7NZO7Q=
github.com/srwiley/rasterx v0.0.0-20220730225603-2ab79fcdd4ef h1:Ch6Q+AZUxDBCVqdkI8FSpFyZDtCVBc2VmejdNrm5rRQ=
github.com/srwiley/rasterx v0.0.0-20220730225603-2ab79fcdd4ef/go.mod h1:nXTWP6+gD5+LUJ8krVhhoeHjvHTutPxMYl5SvkcnJNE=
github.com/stretchr/testify v1.2.2/go.mod h1:a8OnRcib4nhh0OaRAV+Yts87kKdq0PP7pXfy6kDkUVs=
github.com/stretchr/testify v1.9.0 h1:HtqpIVDClZ4nwg75+f6Lvsy/wHu+3BoSGCbBAcpTsTg=
github.com/stretchr/testify v1.9.0/go.mod h1:r2ic/lqez/lEtzL7wO/rwa5dbSLXVDPFyf8C91i36aY=
golang.org/x/image v0.39.0 h1:skVYidAEVKgn8lZ602XO75asgXBgLj9G/FE3RbuPFww=
golang.org/x/image v0.39.0/go.mod h1:sIbmppfU+xFLPIG0FoVUTvyBMmgng1/XAMhQ2ft0hpA=
golang.org/x/net v0.0.0-20180826012351-8a410e7b638d/go.mod h1:mL1N/T3taQHkDXs73rZJwtUhF3w3ftmwwsq0BUmARs4=
golang.org/x/net v0.0.0-20211118161319-6a13c67c3ce4 h1:DZshvxDdVoeKIbudAdFEKi+f70l51luSy/7b76ibTY0=
golang.org/x/net v0.0.0-20211118161319-6a13c67c3ce4/go.mod h1:9nx3DQGgdP8bBQD5qxJ1jj9UTztislL4KSBs9R2vV5Y=
golang.org/x/text v0.36.0 h1:JfKh3XmcRPqZPKevfXVpI1wXPTqbkE5f7JA92a55Yxg=
golang.org/x/text v0.36.0/go.mod h1:NIdBknypM8iqVmPiuco0Dh6P5Jcdk8lJL0CUebqK164=
gopkg.in/check.v1 v0.0.0-20161208181325-20d25e280405/go.mod h1:Co6ibVJAznAaIkqp8huTwlJQCZ016jof/cbN4VW5Yz0=
gopkg.in/natefinch/lumberjack.v2 v2.0.0-20170531160350-a96e63847dc3 h1:AFxeG48hTWHhDTQDk/m2gorfVHUEa9vo3tp3D7TzwjI=
gopkg.in/natefinch/lumberjack.v2 v2.0.0-20170531160350-a96e63847dc3/go.mod h1:l0ndWWf7gzL7RNwBG7wST/UCcT4T24xpD6X8LsfU/+k=
gopkg.in/yaml.v2 v2.2.1 h1:mUhvW9EsL+naU5Q3cakzfE91YhliOondGd6ZrsDBHQE=
gopkg.in/yaml.v2 v2.2.1/go.mod h1:hI93XBmqTisBFMUTm0b8Fm+jr3Dg1NNxqwp+5A1VGuI=
gopkg.in/yaml.v3 v3.0.1 h1:fxVm/GzAzEWqLHuvctI91KS9hhNmmWOoWu0XTYJS7CA=
gopkg.in/yaml.v3 v3.0.1/go.mod h1:K4uyk7z7BCEPqu6E+C64Yfv1cQ7kz7rIZviUmN+EgEM=
